
Microsoft Visual Studio Solution File, Format Version 12.00
# Visual Studio Version 16
VisualStudioVersion = 16.0.30011.22
MinimumVisualStudioVersion = 10.0.40219.1
Project("{FAE04EC0-301F-11D3-BF4B-00C04F79EFBC}") = "LIST", "LIST\LIST.csproj", "{04C3C571-53A8-462E-80C5-BD1212558580}"
EndProject
Global
	GlobalSection(SolutionConfigurationPlatforms) = preSolution
		Debug|Any CPU = Debug|Any CPU
		Release|Any CPU = Release|Any CPU
	EndGlobalSection
	GlobalSection(ProjectConfigurationPlatforms) = postSolution
		{04C3C571-53A8-462E-80C5-BD1212558580}.Debug|Any CPU.ActiveCfg = Debug|Any CPU
		{04C3C571-53A8-462E-80C5-BD1212558580}.Debug|Any CPU.Build.0 = Debug|Any CPU
		{04C3C571-53A8-462E-80C5-BD1212558580}.Release|Any CPU.ActiveCfg = Release|Any CPU
		{04C3C571-53A8-462E-80C5-BD1212558580}.Release|Any CPU.Build.0 = Release|Any CPU
	EndGlobalSection
	GlobalSection(SolutionProperties) = preSolution
		HideSolutionNode = FALSE
	EndGlobalSection
	GlobalSection(ExtensibilityGlobals) = postSolution
		SolutionGuid = {2062B588-61C3-4962-A461-D82DDF72B3D1}
	EndGlobalSection
EndGlobal
